Microsoft Visual Studio Solution File, Format Version 12.00
# Visual Studio Version 17
VisualStudioVersion = 17.5.2.0
MinimumVisualStudioVersion = 10.0.40219.1
Project("{FAE04EC0-301F-11D3-BF4B-00C04F79EFBC}") = "FoodieEvents", "FoodieEvents.csproj", "{3477F3C3-D21D-50B5-55E3-E77F0B8ACF29}"
EndProject
Global
	GlobalSection(SolutionConfigurationPlatforms) = preSolution
		Debug|Any CPU = Debug|Any CPU
		Release|Any CPU = Release|Any CPU
	EndGlobalSection
	GlobalSection(ProjectConfigurationPlatforms) = postSolution
		{3477F3C3-D21D-50B5-55E3-E77F0B8ACF29}.Debug|Any CPU.ActiveCfg = Debug|Any CPU
		{3477F3C3-D21D-50B5-55E3-E77F0B8ACF29}.Debug|Any CPU.Build.0 = Debug|Any CPU
		{3477F3C3-D21D-50B5-55E3-E77F0B8ACF29}.Release|Any CPU.ActiveCfg = Release|Any CPU
		{3477F3C3-D21D-50B5-55E3-E77F0B8ACF29}.Release|Any CPU.Build.0 = Release|Any CPU
	EndGlobalSection
	GlobalSection(SolutionProperties) = preSolution
		HideSolutionNode = FALSE
	EndGlobalSection
	GlobalSection(ExtensibilityGlobals) = postSolution
		SolutionGuid = {25D28F30-914E-4EB5-A65F-CABF48721804}
	EndGlobalSection
EndGlobal
